<?xml version="1.0" encoding="utf-8"?>
<Project ToolsVersion="4.0" xmlns="http://schemas.microsoft.com/developer/msbuild/2003">
  <ItemGroup>
    <ClCompile Include="Hooks.cpp">
      <Filter>Sources</Filter>
    </ClCompile>
    <ClCompile Include="HooksHandler.cpp">
      <Filter>Sources</Filter>
    </ClCompile>
    <ClCompile Include="InjectionHandler.cpp">
      <Filter>Sources</Filter>
    </ClCompile>
    <ClCompile Include="InjectionTracer.cpp">
      <Filter>Sources</Filter>
    </ClCompile>
    <ClCompile Include="Instrumentation.cpp">
      <Filter>Sources</Filter>
    </ClCompile>
    <ClCompile Include="ProcessInfo.cpp">
      <Filter>Sources</Filter>
    </ClCompile>
    <ClCompile Include="Utils.cpp">
      <Filter>Sources</Filter>
    </ClCompile>
  </ItemGroup>
  <ItemGroup>
    <ClInclude Include="Hooks.h">
      <Filter>Headers</Filter>
    </ClInclude>
    <ClInclude Include="HooksHandler.h">
      <Filter>Headers</Filter>
    </ClInclude>
    <ClInclude Include="InjectionHandler.h">
      <Filter>Headers</Filter>
    </ClInclude>
    <ClInclude Include="Instrumentation.h">
      <Filter>Headers</Filter>
    </ClInclude>
    <ClInclude Include="ProcessInfo.h">
      <Filter>Headers</Filter>
    </ClInclude>
    <ClInclude Include="Utils.h">
      <Filter>Headers</Filter>
    </ClInclude>
  </ItemGroup>
  <ItemGroup>
    <Filter Include="Headers">
      <UniqueIdentifier>{841f1cd5-5cc3-450c-85d0-1cd73551f556}</UniqueIdentifier>
    </Filter>
    <Filter Include="Sources">
      <UniqueIdentifier>{0703dbd2-2414-4b77-bb50-f34e96fb16f6}</UniqueIdentifier>
    </Filter>
  </ItemGroup>
</Project>